// !$*UTF8*$!
{
	archiveVersion = 1;
	classes = {
	};
	objectVersion = 48;
	objects = {

/* Begin PBXBuildFile section */
		2B3DC8FF20252620004CF4CF /* AppDelegate.swift in Sources */ = {isa = PBXBuildFile; fileRef = 2B3DC8FE20252620004CF4CF /* AppDelegate.swift */; };
		2B3DC90120252620004CF4CF /* ViewController.swift in Sources */ = {isa = PBXBuildFile; fileRef = 2B3DC90020252620004CF4CF /* ViewController.swift */; };
		2B3DC90420252620004CF4CF /* Main.storyboard in Resources */ = {isa = PBXBuildFile; fileRef = 2B3DC90220252620004CF4CF /* Main.storyboard */; };
		2B3DC90720252620004CF4CF /* HandyFinder.xcdatamodeld in Sources */ = {isa = PBXBuildFile; fileRef = 2B3DC90520252620004CF4CF /* HandyFinder.xcdatamodeld */; };
		2B3DC90920252620004CF4CF /* Assets.xcassets in Resources */ = {isa = PBXBuildFile; fileRef = 2B3DC90820252620004CF4CF /* Assets.xcassets */; };
		2B3DC90C20252620004CF4CF /* LaunchScreen.storyboard in Resources */ = {isa = PBXBuildFile; fileRef = 2B3DC90A20252620004CF4CF /* LaunchScreen.storyboard */; };
/* End PBXBuildFile section */

/* Begin PBXFileReference section */
		2B3DC8FB2025261F004CF4CF /* HandyFinder.app */ = {isa = PBXFileReference; explicitFileType = wrapper.application; includeInIndex = 0; path = HandyFinder.app; sourceTree = BUILT_PRODUCTS_DIR; };
		2B3DC8FE20252620004CF4CF /* AppDelegate.swift */ = {isa = PBXFileReference; lastKnownFileType = sourcecode.swift; path = AppDelegate.swift; sourceTree = "<group>"; };
		2B3DC90020252620004CF4CF /* ViewController.swift */ = {isa = PBXFileReference; lastKnownFileType = sourcecode.swift; path = ViewController.swift; sourceTree = "<group>"; };
		2B3DC90320252620004CF4CF /* Base */ = {isa = PBXFileReference; lastKnownFileType = file.storyboard; name = Base; path = Base.lproj/Main.storyboard; sourceTree = "<group>"; };
		2B3DC90620252620004CF4CF /* HandyFinder.xcdatamodel */ = {isa = PBXFileReference; lastKnownFileType = wrapper.xcdatamodel; path = HandyFinder.xcdatamodel; sourceTree = "<group>"; };
		2B3DC90820252620004CF4CF /* Assets.xcassets */ = {isa = PBXFileReference; lastKnownFileType = folder.assetcatalog; path = Assets.xcassets; sourceTree = "<group>"; };
		2B3DC90B20252620004CF4CF /* Base */ = {isa = PBXFileReference; lastKnownFileType = file.storyboard; name = Base; path = Base.lproj/LaunchScreen.storyboard; sourceTree = "<group>"; };
		2B3DC90D20252620004CF4CF /* Info.plist */ = {isa = PBXFileReference; lastKnownFileType = text.plist.xml; path = Info.plist; sourceTree = "<group>"; };
/* End PBXFileReference section */

/* Begin PBXFrameworksBuildPhase section */
		2B3DC8F82025261F004CF4CF /* Frameworks */ = {
			isa = PBXFrameworksBuildPhase;
			buildActionMask = 2147483647;
			files = (
			);
			runOnlyForDeploymentPostprocessing = 0;
		};
/* End PBXFrameworksBuildPhase section */

/* Begin PBXGroup section */
		2B3DC8F22025261F004CF4CF = {
			isa = PBXGroup;
			children = (
				2B3DC8FD2025261F004CF4CF /* HandyFinder */,
				2B3DC8FC2025261F004CF4CF /* Products */,
			);
			sourceTree = "<group>";
		};
		2B3DC8FC2025261F004CF4CF /* Products */ = {
			isa = PBXGroup;
			children = (
				2B3DC8FB2025261F004CF4CF /* HandyFinder.app */,
			);
			name = Products;
			sourceTree = "<group>";
		};
		2B3DC8FD2025261F004CF4CF /* HandyFinder */ = {
			isa = PBXGroup;
			children = (
				2B3DC8FE20252620004CF4CF /* AppDelegate.swift */,
				2B3DC90020252620004CF4CF /* ViewController.swift */,
				2B3DC90220252620004CF4CF /* Main.storyboard */,
				2B3DC90820252620004CF4CF /* Assets.xcassets */,
				2B3DC90A20252620004CF4CF /* LaunchScreen.storyboard */,
				2B3DC90D20252620004CF4CF /* Info.plist */,
				2B3DC90520252620004CF4CF /* HandyFinder.xcdatamodeld */,
			);
			path = HandyFinder;
			sourceTree = "<group>";
		};
/* End PBXGroup section */

/* Begin PBXNativeTarget section */
		2B3DC8FA2025261F004CF4CF /* HandyFinder */ = {
			isa = PBXNativeTarget;
			buildConfigurationList = 2B3DC91020252620004CF4CF /* Build configuration list for PBXNativeTarget "HandyFinder" */;
			buildPhases = (
				2B3DC8F72025261F004CF4CF /* Sources */,
				2B3DC8F82025261F004CF4CF /* Frameworks */,
				2B3DC8F92025261F004CF4CF /* Resources */,
			);
			buildRules = (
			);
			dependencies = (
			);
			name = HandyFinder;
			productName = HandyFinder;
			productReference = 2B3DC8FB2025261F004CF4CF /* HandyFinder.app */;
			productType = "com.apple.product-type.application";
		};
/* End PBXNativeTarget section */

/* Begin PBXProject section */
		2B3DC8F32025261F004CF4CF /* Project object */ = {
			isa = PBXProject;
			attributes = {
				LastSwiftUpdateCheck = 0920;
				LastUpgradeCheck = 0920;
				ORGANIZATIONNAME = EpochApps;
				TargetAttributes = {
					2B3DC8FA2025261F004CF4CF = {
						CreatedOnToolsVersion = 9.2;
						ProvisioningStyle = Automatic;
					};
				};
			};
			buildConfigurationList = 2B3DC8F62025261F004CF4CF /* Build configuration list for PBXProject "HandyFinder" */;
			compatibilityVersion = "Xcode 8.0";
			developmentRegion = en;
			hasScannedForEncodings = 0;
			knownRegions = (
				en,
				Base,
			);
			mainGroup = 2B3DC8F22025261F004CF4CF;
			productRefGroup = 2B3DC8FC2025261F004CF4CF /* Products */;
			projectDirPath = "";
			projectRoot = "";
			targets = (
				2B3DC8FA2025261F004CF4CF /* HandyFinder */,
			);
		};
/* End PBXProject section */

/* Begin PBXResourcesBuildPhase section */
		2B3DC8F92025261F004CF4CF /* Resources */ = {
			isa = PBXResourcesBuildPhase;
			buildActionMask = 2147483647;
			files = (
				2B3DC90C20252620004CF4CF /* LaunchScreen.storyboard in Resources */,
				2B3DC90920252620004CF4CF /* Assets.xcassets in Resources */,
				2B3DC90420252620004CF4CF /* Main.storyboard in Resources */,
			);
			runOnlyForDeploymentPostprocessing = 0;
		};
/* End PBXResourcesBuildPhase section */

/* Begin PBXSourcesBuildPhase section */
		2B3DC8F72025261F004CF4CF /* Sources */ = {
			isa = PBXSourcesBuildPhase;
			buildActionMask = 2147483647;
			files = (
				2B3DC90720252620004CF4CF /* HandyFinder.xcdatamodeld in Sources */,
				2B3DC90120252620004CF4CF /* ViewController.swift in Sources */,
				2B3DC8FF20252620004CF4CF /* AppDelegate.swift in Sources */,
			);
			runOnlyForDeploymentPostprocessing = 0;
		};
/* End PBXSourcesBuildPhase section */

/* Begin PBXVariantGroup section */
		2B3DC90220252620004CF4CF /* Main.storyboard */ = {
			isa = PBXVariantGroup;
			children = (
				2B3DC90320252620004CF4CF /* Base */,
			);
			name = Main.storyboard;
			sourceTree = "<group>";
		};
		2B3DC90A20252620004CF4CF /* LaunchScreen.storyboard */ = {
			isa = PBXVariantGroup;
			children = (
				2B3DC90B20252620004CF4CF /* Base */,
			);
			name = LaunchScreen.storyboard;
			sourceTree = "<group>";
		};
/* End PBXVariantGroup section */

/* Begin XCBuildConfiguration section */
		2B3DC90E20252620004CF4CF /* Debug */ = {
			isa = XCBuildConfiguration;
			buildSettings = {
				ALWAYS_SEARCH_USER_PATHS = NO;
				CLANG_ANALYZER_NONNULL = YES;
				CLANG_ANALYZER_NUMBER_OBJECT_CONVERSION = YES_AGGRESSIVE;
				CLANG_CXX_LANGUAGE_STANDARD = "gnu++14";
				CLANG_CXX_LIBRARY = "libc++";
				CLANG_ENABLE_MODULES = YES;
				CLANG_ENABLE_OBJC_ARC = YES;
				CLANG_WARN_BLOCK_CAPTURE_AUTORELEASING = YES;
				CLANG_WARN_BOOL_CONVERSION = YES;
				CLANG_WARN_COMMA = YES;
				CLANG_WARN_CONSTANT_CONVERSION = YES;
				CLANG_WARN_DIRECT_OBJC_ISA_USAGE = YES_ERROR;
				CLANG_WARN_DOCUMENTATION_COMMENTS = YES;
				CLANG_WARN_EMPTY_BODY = YES;
				CLANG_WARN_ENUM_CONVERSION = YES;
				CLANG_WARN_INFINITE_RECURSION = YES;
				CLANG_WARN_INT_CONVERSION = YES;
				CLANG_WARN_NON_LITERAL_NULL_CONVERSION = YES;
				CLANG_WARN_OBJC_LITERAL_CONVERSION = YES;
				CLANG_WARN_OBJC_ROOT_CLASS = YES_ERROR;
				CLANG_WARN_RANGE_LOOP_ANALYSIS = YES;
				CLANG_WARN_STRICT_PROTOTYPES = YES;
				CLANG_WARN_SUSPICIOUS_MOVE = YES;
				CLANG_WARN_UNGUARDED_AVAILABILITY = YES_AGGRESSIVE;
				CLANG_WARN_UNREACHABLE_CODE = YES;
				CLANG_WARN__DUPLICATE_METHOD_MATCH = YES;
				CODE_SIGN_IDENTITY = "iPhone Developer";
				COPY_PHASE_STRIP = NO;
				DEBUG_INFORMATION_FORMAT = dwarf;
				ENABLE_STRICT_OBJC_MSGSEND = YES;
				ENABLE_TESTABILITY = YES;
				GCC_C_LANGUAGE_STANDARD = gnu11;
				GCC_DYNAMIC_NO_PIC = NO;
				GCC_NO_COMMON_BLOCKS = YES;
				GCC_OPTIMIZATION_LEVEL = 0;
				GCC_PREPROCESSOR_DEFINITIONS = (
					"DEBUG=1",
					"$(inherited)",
				);
				GCC_WARN_64_TO_32_BIT_CONVERSION = YES;
				GCC_WARN_ABOUT_RETURN_TYPE = YES_ERROR;
				GCC_WARN_UNDECLARED_SELECTOR = YES;
				GCC_WARN_UNINITIALIZED_AUTOS = YES_AGGRESSIVE;
				GCC_WARN_UNUSED_FUNCTION = YES;
				GCC_WARN_UNUSED_VARIABLE = YES;
				IPHONEOS_DEPLOYMENT_TARGET = 11.2;
				MTL_ENABLE_DEBUG_INFO = YES;
				ONLY_ACTIVE_ARCH = YES;
				SDKROOT = iphoneos;
				SWIFT_ACTIVE_COMPILATION_CONDITIONS = DEBUG;
				SWIFT_OPTIMIZATION_LEVEL = "-Onone";
			};
			name = Debug;
		};
		2B3DC90F20252620004CF4CF /* Release */ = {
			isa = XCBuildConfiguration;
			buildSettings = {
				ALWAYS_SEARCH_USER_PATHS = NO;
				CLANG_ANALYZER_NONNULL = YES;
				CLANG_ANALYZER_NUMBER_OBJECT_CONVERSION = YES_AGGRESSIVE;
				CLANG_CXX_LANGUAGE_STANDARD = "gnu++14";
				CLANG_CXX_LIBRARY = "libc++";
				CLANG_ENABLE_MODULES = YES;
				CLANG_ENABLE_OBJC_ARC = YES;
				CLANG_WARN_BLOCK_CAPTURE_AUTORELEASING = YES;
				CLANG_WARN_BOOL_CONVERSION = YES;
				CLANG_WARN_COMMA = YES;
				CLANG_WARN_CONSTANT_CONVERSION = YES;
				CLANG_WARN_DIRECT_OBJC_ISA_USAGE = YES_ERROR;
				CLANG_WARN_DOCUMENTATION_COMMENTS = YES;
				CLANG_WARN_EMPTY_BODY = YES;
				CLANG_WARN_ENUM_CONVERSION = YES;
				CLANG_WARN_INFINITE_RECURSION = YES;
				CLANG_WARN_INT_CONVERSION = YES;
				CLANG_WARN_NON_LITERAL_NULL_CONVERSION = YES;
				CLANG_WARN_OBJC_LITERAL_CONVERSION = YES;
				CLANG_WARN_OBJC_ROOT_CLASS = YES_ERROR;
				CLANG_WARN_RANGE_LOOP_ANALYSIS = YES;
				CLANG_WARN_STRICT_PROTOTYPES = YES;
				CLANG_WARN_SUSPICIOUS_MOVE = YES;
				CLANG_WARN_UNGUARDED_AVAILABILITY = YES_AGGRESSIVE;
				CLANG_WARN_UNREACHABLE_CODE = YES;
				CLANG_WARN__DUPLICATE_METHOD_MATCH = YES;
				CODE_SIGN_IDENTITY = "iPhone Developer";
				COPY_PHASE_STRIP = NO;
				DEBUG_INFORMATION_FORMAT = "dwarf-with-dsym";
				ENABLE_NS_ASSERTIONS = NO;
				ENABLE_STRICT_OBJC_MSGSEND = YES;
				GCC_C_LANGUAGE_STANDARD = gnu11;
				GCC_NO_COMMON_BLOCKS = YES;
				GCC_WARN_64_TO_32_BIT_CONVERSION = YES;
				GCC_WARN_ABOUT_RETURN_TYPE = YES_ERROR;
				GCC_WARN_UNDECLARED_SELECTOR = YES;
				GCC_WARN_UNINITIALIZED_AUTOS = YES_AGGRESSIVE;
				GCC_WARN_UNUSED_FUNCTION = YES;
				GCC_WARN_UNUSED_VARIABLE = YES;
				IPHONEOS_DEPLOYMENT_TARGET = 11.2;
				MTL_ENABLE_DEBUG_INFO = NO;
				SDKROOT = iphoneos;
				SWIFT_OPTIMIZATION_LEVEL = "-Owholemodule";
				VALIDATE_PRODUCT = YES;
			};
			name = Release;
		};
		2B3DC91120252620004CF4CF /* Debug */ = {
			isa = XCBuildConfiguration;
			buildSettings = {
				ASSETCATALOG_COMPILER_APPICON_NAME = AppIcon;
				CODE_SIGN_STYLE = Automatic;
				DEVELOPMENT_TEAM = Z398VFB4V6;
				INFOPLIST_FILE = HandyFinder/Info.plist;
				LD_RUNPATH_SEARCH_PATHS = "$(inherited) @executable_path/Frameworks";
				PRODUCT_BUNDLE_IDENTIFIER = com.EpochApps.HandyFinder;
				PRODUCT_NAME = "$(TARGET_NAME)";
				SWIFT_VERSION = 4.0;
				TARGETED_DEVICE_FAMILY = "1,2";
			};
			name = Debug;
		};
		2B3DC91220252620004CF4CF /* Release */ = {
			isa = XCBuildConfiguration;
			buildSettings = {
				ASSETCATALOG_COMPILER_APPICON_NAME = AppIcon;
				CODE_SIGN_STYLE = Automatic;
				DEVELOPMENT_TEAM = Z398VFB4V6;
				INFOPLIST_FILE = HandyFinder/Info.plist;
				LD_RUNPATH_SEARCH_PATHS = "$(inherited) @executable_path/Frameworks";
				PRODUCT_BUNDLE_IDENTIFIER = com.EpochApps.HandyFinder;
				PRODUCT_NAME = "$(TARGET_NAME)";
				SWIFT_VERSION = 4.0;
				TARGETED_DEVICE_FAMILY = "1,2";
			};
			name = Release;
		};
/* End XCBuildConfiguration section */

/* Begin XCConfigurationList section */
		2B3DC8F62025261F004CF4CF /* Build configuration list for PBXProject "HandyFinder" */ = {
			isa = XCConfigurationList;
			buildConfigurations = (
				2B3DC90E20252620004CF4CF /* Debug */,
				2B3DC90F20252620004CF4CF /* Release */,
			);
			defaultConfigurationIsVisible = 0;
			defaultConfigurationName = Release;
		};
		2B3DC91020252620004CF4CF /* Build configuration list for PBXNativeTarget "HandyFinder" */ = {
			isa = XCConfigurationList;
			buildConfigurations = (
				2B3DC91120252620004CF4CF /* Debug */,
				2B3DC91220252620004CF4CF /* Release */,
			);
			defaultConfigurationIsVisible = 0;
			defaultConfigurationName = Release;
		};
/* End XCConfigurationList section */

/* Begin XCVersionGroup section */
		2B3DC90520252620004CF4CF /* HandyFinder.xcdatamodeld */ = {
			isa = XCVersionGroup;
			children = (
				2B3DC90620252620004CF4CF /* HandyFinder.xcdatamodel */,
			);
			currentVersion = 2B3DC90620252620004CF4CF /* HandyFinder.xcdatamodel */;
			path = HandyFinder.xcdatamodeld;
			sourceTree = "<group>";
			versionGroupType = wrapper.xcdatamodel;
		};
/* End XCVersionGroup section */
	};
	rootObject = 2B3DC8F32025261F004CF4CF /* Project object */;
}
